
Microsoft Visual Studio Solution File, Format Version 12.00
Project("{FAE04EC0-301F-11D3-BF4B-00C04F79EFBC}") = "Lab5V2", "Lab5V2\Lab5V2.csproj", "{50960283-D388-4CC9-B0FD-5A0AEC184EE8}"
EndProject
Global
	GlobalSection(SolutionConfigurationPlatforms) = preSolution
		Debug|Any CPU = Debug|Any CPU
		Release|Any CPU = Release|Any CPU
	EndGlobalSection
	GlobalSection(ProjectConfigurationPlatforms) = postSolution
		{50960283-D388-4CC9-B0FD-5A0AEC184EE8}.Debug|Any CPU.ActiveCfg = Debug|Any CPU
		{50960283-D388-4CC9-B0FD-5A0AEC184EE8}.Debug|Any CPU.Build.0 = Debug|Any CPU
		{50960283-D388-4CC9-B0FD-5A0AEC184EE8}.Release|Any CPU.ActiveCfg = Release|Any CPU
		{50960283-D388-4CC9-B0FD-5A0AEC184EE8}.Release|Any CPU.Build.0 = Release|Any CPU
	EndGlobalSection
EndGlobal
