
Microsoft Visual Studio Solution File, Format Version 12.00
Project("{FAE04EC0-301F-11D3-BF4B-00C04F79EFBC}") = "lab3", "lab3\lab3.csproj", "{1CFAD0E5-597A-475F-BF7F-21EAB90194DA}"
EndProject
Global
	GlobalSection(SolutionConfigurationPlatforms) = preSolution
		Debug|Any CPU = Debug|Any CPU
		Release|Any CPU = Release|Any CPU
	EndGlobalSection
	GlobalSection(ProjectConfigurationPlatforms) = postSolution
		{1CFAD0E5-597A-475F-BF7F-21EAB90194DA}.Debug|Any CPU.ActiveCfg = Debug|Any CPU
		{1CFAD0E5-597A-475F-BF7F-21EAB90194DA}.Debug|Any CPU.Build.0 = Debug|Any CPU
		{1CFAD0E5-597A-475F-BF7F-21EAB90194DA}.Release|Any CPU.ActiveCfg = Release|Any CPU
		{1CFAD0E5-597A-475F-BF7F-21EAB90194DA}.Release|Any CPU.Build.0 = Release|Any CPU
	EndGlobalSection
EndGlobal
